
Microsoft Visual Studio Solution File, Format Version 12.00
# Visual Studio Version 17
VisualStudioVersion = 17.0.31903.59
MinimumVisualStudioVersion = 10.0.40219.1
Project("{2150E333-8FDC-42A3-9474-1A3956D46DE8}") = "src", "src", "{827E0CD3-B72D-47B6-A68D-7590B98EB39B}"
EndProject
Project("{2150E333-8FDC-42A3-9474-1A3956D46DE8}") = "TherapistApi", "TherapistApi", "{B7CAD911-A641-DAD2-73AA-7D0D21860F80}"
EndProject
Project("{FAE04EC0-301F-11D3-BF4B-00C04F79EFBC}") = "TherapistApi.Presentation", "src\TherapistApi\TherapistApi.Presentation\TherapistApi.Presentation.csproj", "{6A9CA350-F591-450D-B8A5-2E90073923A3}"
EndProject
Project("{FAE04EC0-301F-11D3-BF4B-00C04F79EFBC}") = "TherapistApi.Domain", "src\TherapistApi\TherapistApi.Domain\TherapistApi.Domain.csproj", "{4A64DF55-8D2E-4F5E-B34C-722E853DB332}"
EndProject
Project("{FAE04EC0-301F-11D3-BF4B-00C04F79EFBC}") = "TherapistApi.Application", "src\TherapistApi\TherapistApi.Application\TherapistApi.Application.csproj", "{60955D1C-F388-4D5F-BDDB-15074FC584F4}"
EndProject
Project("{FAE04EC0-301F-11D3-BF4B-00C04F79EFBC}") = "TherapistApi.Infrastructure", "src\TherapistApi\TherapistApi.Infrastructure\TherapistApi.Infrastructure.csproj", "{95BB1AD8-59AA-46B8-8825-64115D415A04}"
EndProject
Project("{2150E333-8FDC-42A3-9474-1A3956D46DE8}") = "PatientApi", "PatientApi", "{5B0C0CCF-47BC-6010-2704-04B0DA4330C6}"
EndProject
Project("{FAE04EC0-301F-11D3-BF4B-00C04F79EFBC}") = "PatientApi.Presentation", "src\PatientApi\PatientApi.Presentation\PatientApi.Presentation.csproj", "{01AFDB45-18D0-4DE4-B4A5-4B42C5CDF108}"
EndProject
Project("{FAE04EC0-301F-11D3-BF4B-00C04F79EFBC}") = "PatientApi.Domain", "src\PatientApi\PatientApi.Domain\PatientApi.Domain.csproj", "{1FCBC4AA-30AA-4CC2-8E90-32612BF05C6A}"
EndProject
Project("{FAE04EC0-301F-11D3-BF4B-00C04F79EFBC}") = "PatientApi.Application", "src\PatientApi\PatientApi.Application\PatientApi.Application.csproj", "{842769E3-AC1B-419D-9438-308609930A5E}"
EndProject
Project("{FAE04EC0-301F-11D3-BF4B-00C04F79EFBC}") = "PatientApi.Infrastructure", "src\PatientApi\PatientApi.Infrastructure\PatientApi.Infrastructure.csproj", "{5C2D4C73-5A0A-464B-BADE-1B013C64E0F0}"
EndProject
Project("{2150E333-8FDC-42A3-9474-1A3956D46DE8}") = "Shared", "Shared", "{C8E42992-5E42-0C2B-DBFE-AA848D06431C}"
EndProject
Project("{FAE04EC0-301F-11D3-BF4B-00C04F79EFBC}") = "Shared.Common", "src\Shared\Shared.Common\Shared.Common.csproj", "{9E3E2F57-C5B7-4F00-B8BB-936DB20EA2C7}"
EndProject
Global
	GlobalSection(SolutionConfigurationPlatforms) = preSolution
		Debug|Any CPU = Debug|Any CPU
		Debug|x64 = Debug|x64
		Debug|x86 = Debug|x86
		Release|Any CPU = Release|Any CPU
		Release|x64 = Release|x64
		Release|x86 = Release|x86
	EndGlobalSection
	GlobalSection(ProjectConfigurationPlatforms) = postSolution
		{6A9CA350-F591-450D-B8A5-2E90073923A3}.Debug|Any CPU.ActiveCfg = Debug|Any CPU
		{6A9CA350-F591-450D-B8A5-2E90073923A3}.Debug|Any CPU.Build.0 = Debug|Any CPU
		{6A9CA350-F591-450D-B8A5-2E90073923A3}.Debug|x64.ActiveCfg = Debug|Any CPU
		{6A9CA350-F591-450D-B8A5-2E90073923A3}.Debug|x64.Build.0 = Debug|Any CPU
		{6A9CA350-F591-450D-B8A5-2E90073923A3}.Debug|x86.ActiveCfg = Debug|Any CPU
		{6A9CA350-F591-450D-B8A5-2E90073923A3}.Debug|x86.Build.0 = Debug|Any CPU
		{6A9CA350-F591-450D-B8A5-2E90073923A3}.Release|Any CPU.ActiveCfg = Release|Any CPU
		{6A9CA350-F591-450D-B8A5-2E90073923A3}.Release|Any CPU.Build.0 = Release|Any CPU
		{6A9CA350-F591-450D-B8A5-2E90073923A3}.Release|x64.ActiveCfg = Release|Any CPU
		{6A9CA350-F591-450D-B8A5-2E90073923A3}.Release|x64.Build.0 = Release|Any CPU
		{6A9CA350-F591-450D-B8A5-2E90073923A3}.Release|x86.ActiveCfg = Release|Any CPU
		{6A9CA350-F591-450D-B8A5-2E90073923A3}.Release|x86.Build.0 = Release|Any CPU
		{4A64DF55-8D2E-4F5E-B34C-722E853DB332}.Debug|Any CPU.ActiveCfg = Debug|Any CPU
		{4A64DF55-8D2E-4F5E-B34C-722E853DB332}.Debug|Any CPU.Build.0 = Debug|Any CPU
		{4A64DF55-8D2E-4F5E-B34C-722E853DB332}.Debug|x64.ActiveCfg = Debug|Any CPU
		{4A64DF55-8D2E-4F5E-B34C-722E853DB332}.Debug|x64.Build.0 = Debug|Any CPU
		{4A64DF55-8D2E-4F5E-B34C-722E853DB332}.Debug|x86.ActiveCfg = Debug|Any CPU
		{4A64DF55-8D2E-4F5E-B34C-722E853DB332}.Debug|x86.Build.0 = Debug|Any CPU
		{4A64DF55-8D2E-4F5E-B34C-722E853DB332}.Release|Any CPU.ActiveCfg = Release|Any CPU
		{4A64DF55-8D2E-4F5E-B34C-722E853DB332}.Release|Any CPU.Build.0 = Release|Any CPU
		{4A64DF55-8D2E-4F5E-B34C-722E853DB332}.Release|x64.ActiveCfg = Release|Any CPU
		{4A64DF55-8D2E-4F5E-B34C-722E853DB332}.Release|x64.Build.0 = Release|Any CPU
		{4A64DF55-8D2E-4F5E-B34C-722E853DB332}.Release|x86.ActiveCfg = Release|Any CPU
		{4A64DF55-8D2E-4F5E-B34C-722E853DB332}.Release|x86.Build.0 = Release|Any CPU
		{60955D1C-F388-4D5F-BDDB-15074FC584F4}.Debug|Any CPU.ActiveCfg = Debug|Any CPU
		{60955D1C-F388-4D5F-BDDB-15074FC584F4}.Debug|Any CPU.Build.0 = Debug|Any CPU
		{60955D1C-F388-4D5F-BDDB-15074FC584F4}.Debug|x64.ActiveCfg = Debug|Any CPU
		{60955D1C-F388-4D5F-BDDB-15074FC584F4}.Debug|x64.Build.0 = Debug|Any CPU
		{60955D1C-F388-4D5F-BDDB-15074FC584F4}.Debug|x86.ActiveCfg = Debug|Any CPU
		{60955D1C-F388-4D5F-BDDB-15074FC584F4}.Debug|x86.Build.0 = Debug|Any CPU
		{60955D1C-F388-4D5F-BDDB-15074FC584F4}.Release|Any CPU.ActiveCfg = Release|Any CPU
		{60955D1C-F388-4D5F-BDDB-15074FC584F4}.Release|Any CPU.Build.0 = Release|Any CPU
		{60955D1C-F388-4D5F-BDDB-15074FC584F4}.Release|x64.ActiveCfg = Release|Any CPU
		{60955D1C-F388-4D5F-BDDB-15074FC584F4}.Release|x64.Build.0 = Release|Any CPU
		{60955D1C-F388-4D5F-BDDB-15074FC584F4}.Release|x86.ActiveCfg = Release|Any CPU
		{60955D1C-F388-4D5F-BDDB-15074FC584F4}.Release|x86.Build.0 = Release|Any CPU
		{95BB1AD8-59AA-46B8-8825-64115D415A04}.Debug|Any CPU.ActiveCfg = Debug|Any CPU
		{95BB1AD8-59AA-46B8-8825-64115D415A04}.Debug|Any CPU.Build.0 = Debug|Any CPU
		{95BB1AD8-59AA-46B8-8825-64115D415A04}.Debug|x64.ActiveCfg = Debug|Any CPU
		{95BB1AD8-59AA-46B8-8825-64115D415A04}.Debug|x64.Build.0 = Debug|Any CPU
		{95BB1AD8-59AA-46B8-8825-64115D415A04}.Debug|x86.ActiveCfg = Debug|Any CPU
		{95BB1AD8-59AA-46B8-8825-64115D415A04}.Debug|x86.Build.0 = Debug|Any CPU
		{95BB1AD8-59AA-46B8-8825-64115D415A04}.Release|Any CPU.ActiveCfg = Release|Any CPU
		{95BB1AD8-59AA-46B8-8825-64115D415A04}.Release|Any CPU.Build.0 = Release|Any CPU
		{95BB1AD8-59AA-46B8-8825-64115D415A04}.Release|x64.ActiveCfg = Release|Any CPU
		{95BB1AD8-59AA-46B8-8825-64115D415A04}.Release|x64.Build.0 = Release|Any CPU
		{95BB1AD8-59AA-46B8-8825-64115D415A04}.Release|x86.ActiveCfg = Release|Any CPU
		{95BB1AD8-59AA-46B8-8825-64115D415A04}.Release|x86.Build.0 = Release|Any CPU
		{01AFDB45-18D0-4DE4-B4A5-4B42C5CDF108}.Debug|Any CPU.ActiveCfg = Debug|Any CPU
		{01AFDB45-18D0-4DE4-B4A5-4B42C5CDF108}.Debug|Any CPU.Build.0 = Debug|Any CPU
		{01AFDB45-18D0-4DE4-B4A5-4B42C5CDF108}.Debug|x64.ActiveCfg = Debug|Any CPU
		{01AFDB45-18D0-4DE4-B4A5-4B42C5CDF108}.Debug|x64.Build.0 = Debug|Any CPU
		{01AFDB45-18D0-4DE4-B4A5-4B42C5CDF108}.Debug|x86.ActiveCfg = Debug|Any CPU
		{01AFDB45-18D0-4DE4-B4A5-4B42C5CDF108}.Debug|x86.Build.0 = Debug|Any CPU
		{01AFDB45-18D0-4DE4-B4A5-4B42C5CDF108}.Release|Any CPU.ActiveCfg = Release|Any CPU
		{01AFDB45-18D0-4DE4-B4A5-4B42C5CDF108}.Release|Any CPU.Build.0 = Release|Any CPU
		{01AFDB45-18D0-4DE4-B4A5-4B42C5CDF108}.Release|x64.ActiveCfg = Release|Any CPU
		{01AFDB45-18D0-4DE4-B4A5-4B42C5CDF108}.Release|x64.Build.0 = Release|Any CPU
		{01AFDB45-18D0-4DE4-B4A5-4B42C5CDF108}.Release|x86.ActiveCfg = Release|Any CPU
		{01AFDB45-18D0-4DE4-B4A5-4B42C5CDF108}.Release|x86.Build.0 = Release|Any CPU
		{1FCBC4AA-30AA-4CC2-8E90-32612BF05C6A}.Debug|Any CPU.ActiveCfg = Debug|Any CPU
		{1FCBC4AA-30AA-4CC2-8E90-32612BF05C6A}.Debug|Any CPU.Build.0 = Debug|Any CPU
		{1FCBC4AA-30AA-4CC2-8E90-32612BF05C6A}.Debug|x64.ActiveCfg = Debug|Any CPU
		{1FCBC4AA-30AA-4CC2-8E90-32612BF05C6A}.Debug|x64.Build.0 = Debug|Any CPU
		{1FCBC4AA-30AA-4CC2-8E90-32612BF05C6A}.Debug|x86.ActiveCfg = Debug|Any CPU
		{1FCBC4AA-30AA-4CC2-8E90-32612BF05C6A}.Debug|x86.Build.0 = Debug|Any CPU
		{1FCBC4AA-30AA-4CC2-8E90-32612BF05C6A}.Release|Any CPU.ActiveCfg = Release|Any CPU
		{1FCBC4AA-30AA-4CC2-8E90-32612BF05C6A}.Release|Any CPU.Build.0 = Release|Any CPU
		{1FCBC4AA-30AA-4CC2-8E90-32612BF05C6A}.Release|x64.ActiveCfg = Release|Any CPU
		{1FCBC4AA-30AA-4CC2-8E90-32612BF05C6A}.Release|x64.Build.0 = Release|Any CPU
		{1FCBC4AA-30AA-4CC2-8E90-32612BF05C6A}.Release|x86.ActiveCfg = Release|Any CPU
		{1FCBC4AA-30AA-4CC2-8E90-32612BF05C6A}.Release|x86.Build.0 = Release|Any CPU
		{842769E3-AC1B-419D-9438-308609930A5E}.Debug|Any CPU.ActiveCfg = Debug|Any CPU
		{842769E3-AC1B-419D-9438-308609930A5E}.Debug|Any CPU.Build.0 = Debug|Any CPU
		{842769E3-AC1B-419D-9438-308609930A5E}.Debug|x64.ActiveCfg = Debug|Any CPU
		{842769E3-AC1B-419D-9438-308609930A5E}.Debug|x64.Build.0 = Debug|Any CPU
		{842769E3-AC1B-419D-9438-308609930A5E}.Debug|x86.ActiveCfg = Debug|Any CPU
		{842769E3-AC1B-419D-9438-308609930A5E}.Debug|x86.Build.0 = Debug|Any CPU
		{842769E3-AC1B-419D-9438-308609930A5E}.Release|Any CPU.ActiveCfg = Release|Any CPU
		{842769E3-AC1B-419D-9438-308609930A5E}.Release|Any CPU.Build.0 = Release|Any CPU
		{842769E3-AC1B-419D-9438-308609930A5E}.Release|x64.ActiveCfg = Release|Any CPU
		{842769E3-AC1B-419D-9438-308609930A5E}.Release|x64.Build.0 = Release|Any CPU
		{842769E3-AC1B-419D-9438-308609930A5E}.Release|x86.ActiveCfg = Release|Any CPU
		{842769E3-AC1B-419D-9438-308609930A5E}.Release|x86.Build.0 = Release|Any CPU
		{5C2D4C73-5A0A-464B-BADE-1B013C64E0F0}.Debug|Any CPU.ActiveCfg = Debug|Any CPU
		{5C2D4C73-5A0A-464B-BADE-1B013C64E0F0}.Debug|Any CPU.Build.0 = Debug|Any CPU
		{5C2D4C73-5A0A-464B-BADE-1B013C64E0F0}.Debug|x64.ActiveCfg = Debug|Any CPU
		{5C2D4C73-5A0A-464B-BADE-1B013C64E0F0}.Debug|x64.Build.0 = Debug|Any CPU
		{5C2D4C73-5A0A-464B-BADE-1B013C64E0F0}.Debug|x86.ActiveCfg = Debug|Any CPU
		{5C2D4C73-5A0A-464B-BADE-1B013C64E0F0}.Debug|x86.Build.0 = Debug|Any CPU
		{5C2D4C73-5A0A-464B-BADE-1B013C64E0F0}.Release|Any CPU.ActiveCfg = Release|Any CPU
		{5C2D4C73-5A0A-464B-BADE-1B013C64E0F0}.Release|Any CPU.Build.0 = Release|Any CPU
		{5C2D4C73-5A0A-464B-BADE-1B013C64E0F0}.Release|x64.ActiveCfg = Release|Any CPU
		{5C2D4C73-5A0A-464B-BADE-1B013C64E0F0}.Release|x64.Build.0 = Release|Any CPU
		{5C2D4C73-5A0A-464B-BADE-1B013C64E0F0}.Release|x86.ActiveCfg = Release|Any CPU
		{5C2D4C73-5A0A-464B-BADE-1B013C64E0F0}.Release|x86.Build.0 = Release|Any CPU
		{9E3E2F57-C5B7-4F00-B8BB-936DB20EA2C7}.Debug|Any CPU.ActiveCfg = Debug|Any CPU
		{9E3E2F57-C5B7-4F00-B8BB-936DB20EA2C7}.Debug|Any CPU.Build.0 = Debug|Any CPU
		{9E3E2F57-C5B7-4F00-B8BB-936DB20EA2C7}.Debug|x64.ActiveCfg = Debug|Any CPU
		{9E3E2F57-C5B7-4F00-B8BB-936DB20EA2C7}.Debug|x64.Build.0 = Debug|Any CPU
		{9E3E2F57-C5B7-4F00-B8BB-936DB20EA2C7}.Debug|x86.ActiveCfg = Debug|Any CPU
		{9E3E2F57-C5B7-4F00-B8BB-936DB20EA2C7}.Debug|x86.Build.0 = Debug|Any CPU
		{9E3E2F57-C5B7-4F00-B8BB-936DB20EA2C7}.Release|Any CPU.ActiveCfg = Release|Any CPU
		{9E3E2F57-C5B7-4F00-B8BB-936DB20EA2C7}.Release|Any CPU.Build.0 = Release|Any CPU
		{9E3E2F57-C5B7-4F00-B8BB-936DB20EA2C7}.Release|x64.ActiveCfg = Release|Any CPU
		{9E3E2F57-C5B7-4F00-B8BB-936DB20EA2C7}.Release|x64.Build.0 = Release|Any CPU
		{9E3E2F57-C5B7-4F00-B8BB-936DB20EA2C7}.Release|x86.ActiveCfg = Release|Any CPU
		{9E3E2F57-C5B7-4F00-B8BB-936DB20EA2C7}.Release|x86.Build.0 = Release|Any CPU
	EndGlobalSection
	GlobalSection(SolutionProperties) = preSolution
		HideSolutionNode = FALSE
	EndGlobalSection
	GlobalSection(NestedProjects) = preSolution
		{B7CAD911-A641-DAD2-73AA-7D0D21860F80} = {827E0CD3-B72D-47B6-A68D-7590B98EB39B}
		{6A9CA350-F591-450D-B8A5-2E90073923A3} = {B7CAD911-A641-DAD2-73AA-7D0D21860F80}
		{4A64DF55-8D2E-4F5E-B34C-722E853DB332} = {B7CAD911-A641-DAD2-73AA-7D0D21860F80}
		{60955D1C-F388-4D5F-BDDB-15074FC584F4} = {B7CAD911-A641-DAD2-73AA-7D0D21860F80}
		{95BB1AD8-59AA-46B8-8825-64115D415A04} = {B7CAD911-A641-DAD2-73AA-7D0D21860F80}
		{5B0C0CCF-47BC-6010-2704-04B0DA4330C6} = {827E0CD3-B72D-47B6-A68D-7590B98EB39B}
		{01AFDB45-18D0-4DE4-B4A5-4B42C5CDF108} = {5B0C0CCF-47BC-6010-2704-04B0DA4330C6}
		{1FCBC4AA-30AA-4CC2-8E90-32612BF05C6A} = {5B0C0CCF-47BC-6010-2704-04B0DA4330C6}
		{842769E3-AC1B-419D-9438-308609930A5E} = {5B0C0CCF-47BC-6010-2704-04B0DA4330C6}
		{5C2D4C73-5A0A-464B-BADE-1B013C64E0F0} = {5B0C0CCF-47BC-6010-2704-04B0DA4330C6}
		{C8E42992-5E42-0C2B-DBFE-AA848D06431C} = {827E0CD3-B72D-47B6-A68D-7590B98EB39B}
		{9E3E2F57-C5B7-4F00-B8BB-936DB20EA2C7} = {C8E42992-5E42-0C2B-DBFE-AA848D06431C}
	EndGlobalSection
EndGlobal
